
Microsoft Visual Studio Solution File, Format Version 12.00
# Visual Studio Version 17
VisualStudioVersion = 17.14.36518.9
MinimumVisualStudioVersion = 10.0.40219.1
Project("{FAE04EC0-301F-11D3-BF4B-00C04F79EFBC}") = "Internship.Training", "Internship.Training\Internship.Training.csproj", "{673AD0F2-0E89-4424-AA4D-8D2FA437EE3E}"
EndProject
Project("{FAE04EC0-301F-11D3-BF4B-00C04F79EFBC}") = "ERS", "ERS\ERS.csproj", "{EB5F0835-7D3E-4D3F-B956-629C109D3428}"
EndProject
Project("{FAE04EC0-301F-11D3-BF4B-00C04F79EFBC}") = "dotnetCore.Training", "dotnetCore.Training\dotnetCore.Training.csproj", "{0E2BDFCA-08BE-43A4-B0F1-198E185121EF}"
EndProject
Project("{FAE04EC0-301F-11D3-BF4B-00C04F79EFBC}") = "LA.Entities", "LA.Entities\LA.Entities.csproj", "{98BC286C-04B5-4E88-A41B-D1E5152AC183}"
EndProject
Project("{FAE04EC0-301F-11D3-BF4B-00C04F79EFBC}") = "LA.Repositories", "LA.Repositories\LA.Repositories.csproj", "{40E555DD-D9C9-4183-B2DE-7AC31C4E1D92}"
EndProject
Project("{FAE04EC0-301F-11D3-BF4B-00C04F79EFBC}") = "LA.UI", "LA.UI\LA.UI.csproj", "{B40702BA-17D3-485A-9A4F-7A6FF1A2B77A}"
EndProject
Project("{FAE04EC0-301F-11D3-BF4B-00C04F79EFBC}") = "EMS.Entities", "EMS.Entities\EMS.Entities.csproj", "{9440751E-751D-412C-AFB2-4238A89D8AC8}"
EndProject
Project("{FAE04EC0-301F-11D3-BF4B-00C04F79EFBC}") = "EMS.Repositories", "EMS.Repositories\EMS.Repositories.csproj", "{9ACEBFA1-C5DD-4473-9E81-6BA721D4E66C}"
EndProject
Project("{FAE04EC0-301F-11D3-BF4B-00C04F79EFBC}") = "EMS.UI", "EMS.UI\EMS.UI.csproj", "{8810E770-30D3-4B3A-B1F8-3BBF5202DB66}"
EndProject
Global
	GlobalSection(SolutionConfigurationPlatforms) = preSolution
		Debug|Any CPU = Debug|Any CPU
		Release|Any CPU = Release|Any CPU
	EndGlobalSection
	GlobalSection(ProjectConfigurationPlatforms) = postSolution
		{673AD0F2-0E89-4424-AA4D-8D2FA437EE3E}.Debug|Any CPU.ActiveCfg = Debug|Any CPU
		{673AD0F2-0E89-4424-AA4D-8D2FA437EE3E}.Debug|Any CPU.Build.0 = Debug|Any CPU
		{673AD0F2-0E89-4424-AA4D-8D2FA437EE3E}.Release|Any CPU.ActiveCfg = Release|Any CPU
		{673AD0F2-0E89-4424-AA4D-8D2FA437EE3E}.Release|Any CPU.Build.0 = Release|Any CPU
		{EB5F0835-7D3E-4D3F-B956-629C109D3428}.Debug|Any CPU.ActiveCfg = Debug|Any CPU
		{EB5F0835-7D3E-4D3F-B956-629C109D3428}.Debug|Any CPU.Build.0 = Debug|Any CPU
		{EB5F0835-7D3E-4D3F-B956-629C109D3428}.Release|Any CPU.ActiveCfg = Release|Any CPU
		{EB5F0835-7D3E-4D3F-B956-629C109D3428}.Release|Any CPU.Build.0 = Release|Any CPU
		{0E2BDFCA-08BE-43A4-B0F1-198E185121EF}.Debug|Any CPU.ActiveCfg = Debug|Any CPU
		{0E2BDFCA-08BE-43A4-B0F1-198E185121EF}.Debug|Any CPU.Build.0 = Debug|Any CPU
		{0E2BDFCA-08BE-43A4-B0F1-198E185121EF}.Release|Any CPU.ActiveCfg = Release|Any CPU
		{0E2BDFCA-08BE-43A4-B0F1-198E185121EF}.Release|Any CPU.Build.0 = Release|Any CPU
		{98BC286C-04B5-4E88-A41B-D1E5152AC183}.Debug|Any CPU.ActiveCfg = Debug|Any CPU
		{98BC286C-04B5-4E88-A41B-D1E5152AC183}.Debug|Any CPU.Build.0 = Debug|Any CPU
		{98BC286C-04B5-4E88-A41B-D1E5152AC183}.Release|Any CPU.ActiveCfg = Release|Any CPU
		{98BC286C-04B5-4E88-A41B-D1E5152AC183}.Release|Any CPU.Build.0 = Release|Any CPU
		{40E555DD-D9C9-4183-B2DE-7AC31C4E1D92}.Debug|Any CPU.ActiveCfg = Debug|Any CPU
		{40E555DD-D9C9-4183-B2DE-7AC31C4E1D92}.Debug|Any CPU.Build.0 = Debug|Any CPU
		{40E555DD-D9C9-4183-B2DE-7AC31C4E1D92}.Release|Any CPU.ActiveCfg = Release|Any CPU
		{40E555DD-D9C9-4183-B2DE-7AC31C4E1D92}.Release|Any CPU.Build.0 = Release|Any CPU
		{B40702BA-17D3-485A-9A4F-7A6FF1A2B77A}.Debug|Any CPU.ActiveCfg = Debug|Any CPU
		{B40702BA-17D3-485A-9A4F-7A6FF1A2B77A}.Debug|Any CPU.Build.0 = Debug|Any CPU
		{B40702BA-17D3-485A-9A4F-7A6FF1A2B77A}.Release|Any CPU.ActiveCfg = Release|Any CPU
		{B40702BA-17D3-485A-9A4F-7A6FF1A2B77A}.Release|Any CPU.Build.0 = Release|Any CPU
		{9440751E-751D-412C-AFB2-4238A89D8AC8}.Debug|Any CPU.ActiveCfg = Debug|Any CPU
		{9440751E-751D-412C-AFB2-4238A89D8AC8}.Debug|Any CPU.Build.0 = Debug|Any CPU
		{9440751E-751D-412C-AFB2-4238A89D8AC8}.Release|Any CPU.ActiveCfg = Release|Any CPU
		{9440751E-751D-412C-AFB2-4238A89D8AC8}.Release|Any CPU.Build.0 = Release|Any CPU
		{9ACEBFA1-C5DD-4473-9E81-6BA721D4E66C}.Debug|Any CPU.ActiveCfg = Debug|Any CPU
		{9ACEBFA1-C5DD-4473-9E81-6BA721D4E66C}.Debug|Any CPU.Build.0 = Debug|Any CPU
		{9ACEBFA1-C5DD-4473-9E81-6BA721D4E66C}.Release|Any CPU.ActiveCfg = Release|Any CPU
		{9ACEBFA1-C5DD-4473-9E81-6BA721D4E66C}.Release|Any CPU.Build.0 = Release|Any CPU
		{8810E770-30D3-4B3A-B1F8-3BBF5202DB66}.Debug|Any CPU.ActiveCfg = Debug|Any CPU
		{8810E770-30D3-4B3A-B1F8-3BBF5202DB66}.Debug|Any CPU.Build.0 = Debug|Any CPU
		{8810E770-30D3-4B3A-B1F8-3BBF5202DB66}.Release|Any CPU.ActiveCfg = Release|Any CPU
		{8810E770-30D3-4B3A-B1F8-3BBF5202DB66}.Release|Any CPU.Build.0 = Release|Any CPU
	EndGlobalSection
	GlobalSection(SolutionProperties) = preSolution
		HideSolutionNode = FALSE
	EndGlobalSection
	GlobalSection(ExtensibilityGlobals) = postSolution
		SolutionGuid = {5B33D9D5-01CB-491D-AAD1-DEAD5EA8F4E3}
	EndGlobalSection
EndGlobal
